
Microsoft Visual Studio Solution File, Format Version 12.00
# Visual Studio Version 16
VisualStudioVersion = 16.0.29209.62
MinimumVisualStudioVersion = 10.0.40219.1
Project("{FAE04EC0-301F-11D3-BF4B-00C04F79EFBC}") = "DataFactory", "DataFactory\DataFactory.csproj", "{804F4525-2B8F-4F04-9DF4-1B0FD57B020E}"
EndProject
Project("{FAE04EC0-301F-11D3-BF4B-00C04F79EFBC}") = "SpecflowTests", "SpecflowTests\SpecflowTests.csproj", "{3B57CCAC-FEE0-4ED6-892B-67A3BC210062}"
EndProject
Project("{FAE04EC0-301F-11D3-BF4B-00C04F79EFBC}") = "AutomationHelpers", "AutomationHelpers\AutomationHelpers.csproj", "{6CA79736-1A54-44BB-B12A-4F7AA76995F6}"
EndProject
Project("{FAE04EC0-301F-11D3-BF4B-00C04F79EFBC}") = "WebDriverHelper", "WebDriverHelper\WebDriverHelper.csproj", "{08098110-095A-4E7C-9871-C59E3DED254B}"
EndProject
Project("{2150E333-8FDC-42A3-9474-1A3956D46DE8}") = "Shared", "Shared", "{4BD37EED-D030-47C6-BB01-46229C7F35F9}"
	ProjectSection(SolutionItems) = preProject
		Shared\parallel.runsettings = Shared\parallel.runsettings
		Shared\serial.runsettings = Shared\serial.runsettings
		Shared\stylecop.json = Shared\stylecop.json
		Shared\test.runsettings = Shared\test.runsettings
	EndProjectSection
EndProject
Project("{2150E333-8FDC-42A3-9474-1A3956D46DE8}") = "Setup", "Setup", "{98303BAB-20F2-4220-A5E9-DBAB844EC930}"
	ProjectSection(SolutionItems) = preProject
		Setup\ie32Feature-bfcache.reg = Setup\ie32Feature-bfcache.reg
		Setup\ie64Feature-bfcache.reg = Setup\ie64Feature-bfcache.reg
		Readme.md = Readme.md
		Setup\tabGrouth.reg = Setup\tabGrouth.reg
	EndProjectSection
EndProject
Global
	GlobalSection(SolutionConfigurationPlatforms) = preSolution
		ChromeAndroid7|Any CPU = ChromeAndroid7|Any CPU
		ChromeAndroid7|x64 = ChromeAndroid7|x64
		ChromeAndroid7|x86 = ChromeAndroid7|x86
		ChromeAndroid8|Any CPU = ChromeAndroid8|Any CPU
		ChromeAndroid8|x64 = ChromeAndroid8|x64
		ChromeAndroid8|x86 = ChromeAndroid8|x86
		ChromeAndroid9|Any CPU = ChromeAndroid9|Any CPU
		ChromeAndroid9|x64 = ChromeAndroid9|x64
		ChromeAndroid9|x86 = ChromeAndroid9|x86
		ChromeDesktop|Any CPU = ChromeDesktop|Any CPU
		ChromeDesktop|x64 = ChromeDesktop|x64
		ChromeDesktop|x86 = ChromeDesktop|x86
		Debug|Any CPU = Debug|Any CPU
		Debug|x64 = Debug|x64
		Debug|x86 = Debug|x86
		Firefox|Any CPU = Firefox|Any CPU
		Firefox|x64 = Firefox|x64
		Firefox|x86 = Firefox|x86
		IE11|Any CPU = IE11|Any CPU
		IE11|x64 = IE11|x64
		IE11|x86 = IE11|x86
		Release|Any CPU = Release|Any CPU
		Release|x64 = Release|x64
		Release|x86 = Release|x86
	EndGlobalSection
	GlobalSection(ProjectConfigurationPlatforms) = postSolution
		{804F4525-2B8F-4F04-9DF4-1B0FD57B020E}.ChromeAndroid7|Any CPU.ActiveCfg = Release|Any CPU
		{804F4525-2B8F-4F04-9DF4-1B0FD57B020E}.ChromeAndroid7|Any CPU.Build.0 = Release|Any CPU
		{804F4525-2B8F-4F04-9DF4-1B0FD57B020E}.ChromeAndroid7|x64.ActiveCfg = Debug|Any CPU
		{804F4525-2B8F-4F04-9DF4-1B0FD57B020E}.ChromeAndroid7|x64.Build.0 = Debug|Any CPU
		{804F4525-2B8F-4F04-9DF4-1B0FD57B020E}.ChromeAndroid7|x86.ActiveCfg = Debug|Any CPU
		{804F4525-2B8F-4F04-9DF4-1B0FD57B020E}.ChromeAndroid7|x86.Build.0 = Debug|Any CPU
		{804F4525-2B8F-4F04-9DF4-1B0FD57B020E}.ChromeAndroid8|Any CPU.ActiveCfg = Release|Any CPU
		{804F4525-2B8F-4F04-9DF4-1B0FD57B020E}.ChromeAndroid8|Any CPU.Build.0 = Release|Any CPU
		{804F4525-2B8F-4F04-9DF4-1B0FD57B020E}.ChromeAndroid8|x64.ActiveCfg = Debug|Any CPU
		{804F4525-2B8F-4F04-9DF4-1B0FD57B020E}.ChromeAndroid8|x64.Build.0 = Debug|Any CPU
		{804F4525-2B8F-4F04-9DF4-1B0FD57B020E}.ChromeAndroid8|x86.ActiveCfg = Debug|Any CPU
		{804F4525-2B8F-4F04-9DF4-1B0FD57B020E}.ChromeAndroid8|x86.Build.0 = Debug|Any CPU
		{804F4525-2B8F-4F04-9DF4-1B0FD57B020E}.ChromeAndroid9|Any CPU.ActiveCfg = ChromeAndroid9|Any CPU
		{804F4525-2B8F-4F04-9DF4-1B0FD57B020E}.ChromeAndroid9|Any CPU.Build.0 = ChromeAndroid9|Any CPU
		{804F4525-2B8F-4F04-9DF4-1B0FD57B020E}.ChromeAndroid9|x64.ActiveCfg = ChromeAndroid9|Any CPU
		{804F4525-2B8F-4F04-9DF4-1B0FD57B020E}.ChromeAndroid9|x64.Build.0 = ChromeAndroid9|Any CPU
		{804F4525-2B8F-4F04-9DF4-1B0FD57B020E}.ChromeAndroid9|x86.ActiveCfg = ChromeAndroid9|Any CPU
		{804F4525-2B8F-4F04-9DF4-1B0FD57B020E}.ChromeAndroid9|x86.Build.0 = ChromeAndroid9|Any CPU
		{804F4525-2B8F-4F04-9DF4-1B0FD57B020E}.ChromeDesktop|Any CPU.ActiveCfg = Release|Any CPU
		{804F4525-2B8F-4F04-9DF4-1B0FD57B020E}.ChromeDesktop|Any CPU.Build.0 = Release|Any CPU
		{804F4525-2B8F-4F04-9DF4-1B0FD57B020E}.ChromeDesktop|x64.ActiveCfg = Release|Any CPU
		{804F4525-2B8F-4F04-9DF4-1B0FD57B020E}.ChromeDesktop|x64.Build.0 = Release|Any CPU
		{804F4525-2B8F-4F04-9DF4-1B0FD57B020E}.ChromeDesktop|x86.ActiveCfg = Release|Any CPU
		{804F4525-2B8F-4F04-9DF4-1B0FD57B020E}.ChromeDesktop|x86.Build.0 = Release|Any CPU
		{804F4525-2B8F-4F04-9DF4-1B0FD57B020E}.Debug|Any CPU.ActiveCfg = Release|Any CPU
		{804F4525-2B8F-4F04-9DF4-1B0FD57B020E}.Debug|Any CPU.Build.0 = Release|Any CPU
		{804F4525-2B8F-4F04-9DF4-1B0FD57B020E}.Debug|x64.ActiveCfg = Debug|Any CPU
		{804F4525-2B8F-4F04-9DF4-1B0FD57B020E}.Debug|x64.Build.0 = Debug|Any CPU
		{804F4525-2B8F-4F04-9DF4-1B0FD57B020E}.Debug|x86.ActiveCfg = Debug|Any CPU
		{804F4525-2B8F-4F04-9DF4-1B0FD57B020E}.Debug|x86.Build.0 = Debug|Any CPU
		{804F4525-2B8F-4F04-9DF4-1B0FD57B020E}.Firefox|Any CPU.ActiveCfg = Release|Any CPU
		{804F4525-2B8F-4F04-9DF4-1B0FD57B020E}.Firefox|Any CPU.Build.0 = Release|Any CPU
		{804F4525-2B8F-4F04-9DF4-1B0FD57B020E}.Firefox|x64.ActiveCfg = Debug|Any CPU
		{804F4525-2B8F-4F04-9DF4-1B0FD57B020E}.Firefox|x64.Build.0 = Debug|Any CPU
		{804F4525-2B8F-4F04-9DF4-1B0FD57B020E}.Firefox|x86.ActiveCfg = Debug|Any CPU
		{804F4525-2B8F-4F04-9DF4-1B0FD57B020E}.Firefox|x86.Build.0 = Debug|Any CPU
		{804F4525-2B8F-4F04-9DF4-1B0FD57B020E}.IE11|Any CPU.ActiveCfg = Release|Any CPU
		{804F4525-2B8F-4F04-9DF4-1B0FD57B020E}.IE11|Any CPU.Build.0 = Release|Any CPU
		{804F4525-2B8F-4F04-9DF4-1B0FD57B020E}.IE11|x64.ActiveCfg = Release|Any CPU
		{804F4525-2B8F-4F04-9DF4-1B0FD57B020E}.IE11|x64.Build.0 = Release|Any CPU
		{804F4525-2B8F-4F04-9DF4-1B0FD57B020E}.IE11|x86.ActiveCfg = Release|Any CPU
		{804F4525-2B8F-4F04-9DF4-1B0FD57B020E}.IE11|x86.Build.0 = Release|Any CPU
		{804F4525-2B8F-4F04-9DF4-1B0FD57B020E}.Release|Any CPU.ActiveCfg = Release|Any CPU
		{804F4525-2B8F-4F04-9DF4-1B0FD57B020E}.Release|Any CPU.Build.0 = Release|Any CPU
		{804F4525-2B8F-4F04-9DF4-1B0FD57B020E}.Release|x64.ActiveCfg = Release|Any CPU
		{804F4525-2B8F-4F04-9DF4-1B0FD57B020E}.Release|x64.Build.0 = Release|Any CPU
		{804F4525-2B8F-4F04-9DF4-1B0FD57B020E}.Release|x86.ActiveCfg = Release|Any CPU
		{804F4525-2B8F-4F04-9DF4-1B0FD57B020E}.Release|x86.Build.0 = Release|Any CPU
		{3B57CCAC-FEE0-4ED6-892B-67A3BC210062}.ChromeAndroid7|Any CPU.ActiveCfg = ChromeAndroid7|Any CPU
		{3B57CCAC-FEE0-4ED6-892B-67A3BC210062}.ChromeAndroid7|Any CPU.Build.0 = ChromeAndroid7|Any CPU
		{3B57CCAC-FEE0-4ED6-892B-67A3BC210062}.ChromeAndroid7|x64.ActiveCfg = ChromeAndroid7|Any CPU
		{3B57CCAC-FEE0-4ED6-892B-67A3BC210062}.ChromeAndroid7|x64.Build.0 = ChromeAndroid7|Any CPU
		{3B57CCAC-FEE0-4ED6-892B-67A3BC210062}.ChromeAndroid7|x86.ActiveCfg = ChromeAndroid7|Any CPU
		{3B57CCAC-FEE0-4ED6-892B-67A3BC210062}.ChromeAndroid7|x86.Build.0 = ChromeAndroid7|Any CPU
		{3B57CCAC-FEE0-4ED6-892B-67A3BC210062}.ChromeAndroid8|Any CPU.ActiveCfg = ChromeAndroid8|Any CPU
		{3B57CCAC-FEE0-4ED6-892B-67A3BC210062}.ChromeAndroid8|Any CPU.Build.0 = ChromeAndroid8|Any CPU
		{3B57CCAC-FEE0-4ED6-892B-67A3BC210062}.ChromeAndroid8|x64.ActiveCfg = ChromeAndroid8|Any CPU
		{3B57CCAC-FEE0-4ED6-892B-67A3BC210062}.ChromeAndroid8|x64.Build.0 = ChromeAndroid8|Any CPU
		{3B57CCAC-FEE0-4ED6-892B-67A3BC210062}.ChromeAndroid8|x86.ActiveCfg = ChromeAndroid8|Any CPU
		{3B57CCAC-FEE0-4ED6-892B-67A3BC210062}.ChromeAndroid8|x86.Build.0 = ChromeAndroid8|Any CPU
		{3B57CCAC-FEE0-4ED6-892B-67A3BC210062}.ChromeAndroid9|Any CPU.ActiveCfg = ChromeAndroid9|Any CPU
		{3B57CCAC-FEE0-4ED6-892B-67A3BC210062}.ChromeAndroid9|Any CPU.Build.0 = ChromeAndroid9|Any CPU
		{3B57CCAC-FEE0-4ED6-892B-67A3BC210062}.ChromeAndroid9|x64.ActiveCfg = ChromeAndroid9|Any CPU
		{3B57CCAC-FEE0-4ED6-892B-67A3BC210062}.ChromeAndroid9|x64.Build.0 = ChromeAndroid9|Any CPU
		{3B57CCAC-FEE0-4ED6-892B-67A3BC210062}.ChromeAndroid9|x86.ActiveCfg = ChromeAndroid9|Any CPU
		{3B57CCAC-FEE0-4ED6-892B-67A3BC210062}.ChromeAndroid9|x86.Build.0 = ChromeAndroid9|Any CPU
		{3B57CCAC-FEE0-4ED6-892B-67A3BC210062}.ChromeDesktop|Any CPU.ActiveCfg = ChromeDesktop|Any CPU
		{3B57CCAC-FEE0-4ED6-892B-67A3BC210062}.ChromeDesktop|Any CPU.Build.0 = ChromeDesktop|Any CPU
		{3B57CCAC-FEE0-4ED6-892B-67A3BC210062}.ChromeDesktop|x64.ActiveCfg = ChromeDesktop|Any CPU
		{3B57CCAC-FEE0-4ED6-892B-67A3BC210062}.ChromeDesktop|x64.Build.0 = ChromeDesktop|Any CPU
		{3B57CCAC-FEE0-4ED6-892B-67A3BC210062}.ChromeDesktop|x86.ActiveCfg = ChromeDesktop|Any CPU
		{3B57CCAC-FEE0-4ED6-892B-67A3BC210062}.ChromeDesktop|x86.Build.0 = ChromeDesktop|Any CPU
		{3B57CCAC-FEE0-4ED6-892B-67A3BC210062}.Debug|Any CPU.ActiveCfg = ChromeDesktop|Any CPU
		{3B57CCAC-FEE0-4ED6-892B-67A3BC210062}.Debug|Any CPU.Build.0 = ChromeDesktop|Any CPU
		{3B57CCAC-FEE0-4ED6-892B-67A3BC210062}.Debug|x64.ActiveCfg = Debug|Any CPU
		{3B57CCAC-FEE0-4ED6-892B-67A3BC210062}.Debug|x64.Build.0 = Debug|Any CPU
		{3B57CCAC-FEE0-4ED6-892B-67A3BC210062}.Debug|x86.ActiveCfg = Debug|Any CPU
		{3B57CCAC-FEE0-4ED6-892B-67A3BC210062}.Debug|x86.Build.0 = Debug|Any CPU
		{3B57CCAC-FEE0-4ED6-892B-67A3BC210062}.Firefox|Any CPU.ActiveCfg = Firefox|Any CPU
		{3B57CCAC-FEE0-4ED6-892B-67A3BC210062}.Firefox|Any CPU.Build.0 = Firefox|Any CPU
		{3B57CCAC-FEE0-4ED6-892B-67A3BC210062}.Firefox|x64.ActiveCfg = Firefox|Any CPU
		{3B57CCAC-FEE0-4ED6-892B-67A3BC210062}.Firefox|x64.Build.0 = Firefox|Any CPU
		{3B57CCAC-FEE0-4ED6-892B-67A3BC210062}.Firefox|x86.ActiveCfg = Firefox|Any CPU
		{3B57CCAC-FEE0-4ED6-892B-67A3BC210062}.Firefox|x86.Build.0 = Firefox|Any CPU
		{3B57CCAC-FEE0-4ED6-892B-67A3BC210062}.IE11|Any CPU.ActiveCfg = IE11|Any CPU
		{3B57CCAC-FEE0-4ED6-892B-67A3BC210062}.IE11|Any CPU.Build.0 = IE11|Any CPU
		{3B57CCAC-FEE0-4ED6-892B-67A3BC210062}.IE11|x64.ActiveCfg = IE11|Any CPU
		{3B57CCAC-FEE0-4ED6-892B-67A3BC210062}.IE11|x64.Build.0 = IE11|Any CPU
		{3B57CCAC-FEE0-4ED6-892B-67A3BC210062}.IE11|x86.ActiveCfg = IE11|Any CPU
		{3B57CCAC-FEE0-4ED6-892B-67A3BC210062}.IE11|x86.Build.0 = IE11|Any CPU
		{3B57CCAC-FEE0-4ED6-892B-67A3BC210062}.Release|Any CPU.ActiveCfg = ChromeAndroid7|Any CPU
		{3B57CCAC-FEE0-4ED6-892B-67A3BC210062}.Release|Any CPU.Build.0 = ChromeAndroid7|Any CPU
		{3B57CCAC-FEE0-4ED6-892B-67A3BC210062}.Release|x64.ActiveCfg = Release|Any CPU
		{3B57CCAC-FEE0-4ED6-892B-67A3BC210062}.Release|x64.Build.0 = Release|Any CPU
		{3B57CCAC-FEE0-4ED6-892B-67A3BC210062}.Release|x86.ActiveCfg = Release|Any CPU
		{3B57CCAC-FEE0-4ED6-892B-67A3BC210062}.Release|x86.Build.0 = Release|Any CPU
		{6CA79736-1A54-44BB-B12A-4F7AA76995F6}.ChromeAndroid7|Any CPU.ActiveCfg = Release|Any CPU
		{6CA79736-1A54-44BB-B12A-4F7AA76995F6}.ChromeAndroid7|Any CPU.Build.0 = Release|Any CPU
		{6CA79736-1A54-44BB-B12A-4F7AA76995F6}.ChromeAndroid7|x64.ActiveCfg = Debug|Any CPU
		{6CA79736-1A54-44BB-B12A-4F7AA76995F6}.ChromeAndroid7|x64.Build.0 = Debug|Any CPU
		{6CA79736-1A54-44BB-B12A-4F7AA76995F6}.ChromeAndroid7|x86.ActiveCfg = Debug|Any CPU
		{6CA79736-1A54-44BB-B12A-4F7AA76995F6}.ChromeAndroid7|x86.Build.0 = Debug|Any CPU
		{6CA79736-1A54-44BB-B12A-4F7AA76995F6}.ChromeAndroid8|Any CPU.ActiveCfg = Release|Any CPU
		{6CA79736-1A54-44BB-B12A-4F7AA76995F6}.ChromeAndroid8|Any CPU.Build.0 = Release|Any CPU
		{6CA79736-1A54-44BB-B12A-4F7AA76995F6}.ChromeAndroid8|x64.ActiveCfg = Debug|Any CPU
		{6CA79736-1A54-44BB-B12A-4F7AA76995F6}.ChromeAndroid8|x64.Build.0 = Debug|Any CPU
		{6CA79736-1A54-44BB-B12A-4F7AA76995F6}.ChromeAndroid8|x86.ActiveCfg = Debug|Any CPU
		{6CA79736-1A54-44BB-B12A-4F7AA76995F6}.ChromeAndroid8|x86.Build.0 = Debug|Any CPU
		{6CA79736-1A54-44BB-B12A-4F7AA76995F6}.ChromeAndroid9|Any CPU.ActiveCfg = ChromeAndroid9|Any CPU
		{6CA79736-1A54-44BB-B12A-4F7AA76995F6}.ChromeAndroid9|Any CPU.Build.0 = ChromeAndroid9|Any CPU
		{6CA79736-1A54-44BB-B12A-4F7AA76995F6}.ChromeAndroid9|x64.ActiveCfg = ChromeAndroid9|Any CPU
		{6CA79736-1A54-44BB-B12A-4F7AA76995F6}.ChromeAndroid9|x64.Build.0 = ChromeAndroid9|Any CPU
		{6CA79736-1A54-44BB-B12A-4F7AA76995F6}.ChromeAndroid9|x86.ActiveCfg = ChromeAndroid9|Any CPU
		{6CA79736-1A54-44BB-B12A-4F7AA76995F6}.ChromeAndroid9|x86.Build.0 = ChromeAndroid9|Any CPU
		{6CA79736-1A54-44BB-B12A-4F7AA76995F6}.ChromeDesktop|Any CPU.ActiveCfg = Release|Any CPU
		{6CA79736-1A54-44BB-B12A-4F7AA76995F6}.ChromeDesktop|Any CPU.Build.0 = Release|Any CPU
		{6CA79736-1A54-44BB-B12A-4F7AA76995F6}.ChromeDesktop|x64.ActiveCfg = Release|Any CPU
		{6CA79736-1A54-44BB-B12A-4F7AA76995F6}.ChromeDesktop|x64.Build.0 = Release|Any CPU
		{6CA79736-1A54-44BB-B12A-4F7AA76995F6}.ChromeDesktop|x86.ActiveCfg = Release|Any CPU
		{6CA79736-1A54-44BB-B12A-4F7AA76995F6}.ChromeDesktop|x86.Build.0 = Release|Any CPU
		{6CA79736-1A54-44BB-B12A-4F7AA76995F6}.Debug|Any CPU.ActiveCfg = Release|Any CPU
		{6CA79736-1A54-44BB-B12A-4F7AA76995F6}.Debug|Any CPU.Build.0 = Release|Any CPU
		{6CA79736-1A54-44BB-B12A-4F7AA76995F6}.Debug|x64.ActiveCfg = Debug|Any CPU
		{6CA79736-1A54-44BB-B12A-4F7AA76995F6}.Debug|x64.Build.0 = Debug|Any CPU
		{6CA79736-1A54-44BB-B12A-4F7AA76995F6}.Debug|x86.ActiveCfg = Debug|Any CPU
		{6CA79736-1A54-44BB-B12A-4F7AA76995F6}.Debug|x86.Build.0 = Debug|Any CPU
		{6CA79736-1A54-44BB-B12A-4F7AA76995F6}.Firefox|Any CPU.ActiveCfg = Release|Any CPU
		{6CA79736-1A54-44BB-B12A-4F7AA76995F6}.Firefox|Any CPU.Build.0 = Release|Any CPU
		{6CA79736-1A54-44BB-B12A-4F7AA76995F6}.Firefox|x64.ActiveCfg = Debug|Any CPU
		{6CA79736-1A54-44BB-B12A-4F7AA76995F6}.Firefox|x64.Build.0 = Debug|Any CPU
		{6CA79736-1A54-44BB-B12A-4F7AA76995F6}.Firefox|x86.ActiveCfg = Debug|Any CPU
		{6CA79736-1A54-44BB-B12A-4F7AA76995F6}.Firefox|x86.Build.0 = Debug|Any CPU
		{6CA79736-1A54-44BB-B12A-4F7AA76995F6}.IE11|Any CPU.ActiveCfg = Release|Any CPU
		{6CA79736-1A54-44BB-B12A-4F7AA76995F6}.IE11|Any CPU.Build.0 = Release|Any CPU
		{6CA79736-1A54-44BB-B12A-4F7AA76995F6}.IE11|x64.ActiveCfg = Release|Any CPU
		{6CA79736-1A54-44BB-B12A-4F7AA76995F6}.IE11|x64.Build.0 = Release|Any CPU
		{6CA79736-1A54-44BB-B12A-4F7AA76995F6}.IE11|x86.ActiveCfg = Release|Any CPU
		{6CA79736-1A54-44BB-B12A-4F7AA76995F6}.IE11|x86.Build.0 = Release|Any CPU
		{6CA79736-1A54-44BB-B12A-4F7AA76995F6}.Release|Any CPU.ActiveCfg = Release|Any CPU
		{6CA79736-1A54-44BB-B12A-4F7AA76995F6}.Release|Any CPU.Build.0 = Release|Any CPU
		{6CA79736-1A54-44BB-B12A-4F7AA76995F6}.Release|x64.ActiveCfg = Release|Any CPU
		{6CA79736-1A54-44BB-B12A-4F7AA76995F6}.Release|x64.Build.0 = Release|Any CPU
		{6CA79736-1A54-44BB-B12A-4F7AA76995F6}.Release|x86.ActiveCfg = Release|Any CPU
		{6CA79736-1A54-44BB-B12A-4F7AA76995F6}.Release|x86.Build.0 = Release|Any CPU
		{08098110-095A-4E7C-9871-C59E3DED254B}.ChromeAndroid7|Any CPU.ActiveCfg = Release|Any CPU
		{08098110-095A-4E7C-9871-C59E3DED254B}.ChromeAndroid7|Any CPU.Build.0 = Release|Any CPU
		{08098110-095A-4E7C-9871-C59E3DED254B}.ChromeAndroid7|x64.ActiveCfg = Debug|Any CPU
		{08098110-095A-4E7C-9871-C59E3DED254B}.ChromeAndroid7|x64.Build.0 = Debug|Any CPU
		{08098110-095A-4E7C-9871-C59E3DED254B}.ChromeAndroid7|x86.ActiveCfg = Debug|Any CPU
		{08098110-095A-4E7C-9871-C59E3DED254B}.ChromeAndroid7|x86.Build.0 = Debug|Any CPU
		{08098110-095A-4E7C-9871-C59E3DED254B}.ChromeAndroid8|Any CPU.ActiveCfg = Release|Any CPU
		{08098110-095A-4E7C-9871-C59E3DED254B}.ChromeAndroid8|Any CPU.Build.0 = Release|Any CPU
		{08098110-095A-4E7C-9871-C59E3DED254B}.ChromeAndroid8|x64.ActiveCfg = Debug|Any CPU
		{08098110-095A-4E7C-9871-C59E3DED254B}.ChromeAndroid8|x64.Build.0 = Debug|Any CPU
		{08098110-095A-4E7C-9871-C59E3DED254B}.ChromeAndroid8|x86.ActiveCfg = Debug|Any CPU
		{08098110-095A-4E7C-9871-C59E3DED254B}.ChromeAndroid8|x86.Build.0 = Debug|Any CPU
		{08098110-095A-4E7C-9871-C59E3DED254B}.ChromeAndroid9|Any CPU.ActiveCfg = ChromeAndroid9|Any CPU
		{08098110-095A-4E7C-9871-C59E3DED254B}.ChromeAndroid9|Any CPU.Build.0 = ChromeAndroid9|Any CPU
		{08098110-095A-4E7C-9871-C59E3DED254B}.ChromeAndroid9|x64.ActiveCfg = ChromeAndroid9|Any CPU
		{08098110-095A-4E7C-9871-C59E3DED254B}.ChromeAndroid9|x64.Build.0 = ChromeAndroid9|Any CPU
		{08098110-095A-4E7C-9871-C59E3DED254B}.ChromeAndroid9|x86.ActiveCfg = ChromeAndroid9|Any CPU
		{08098110-095A-4E7C-9871-C59E3DED254B}.ChromeAndroid9|x86.Build.0 = ChromeAndroid9|Any CPU
		{08098110-095A-4E7C-9871-C59E3DED254B}.ChromeDesktop|Any CPU.ActiveCfg = Release|Any CPU
		{08098110-095A-4E7C-9871-C59E3DED254B}.ChromeDesktop|Any CPU.Build.0 = Release|Any CPU
		{08098110-095A-4E7C-9871-C59E3DED254B}.ChromeDesktop|x64.ActiveCfg = Release|Any CPU
		{08098110-095A-4E7C-9871-C59E3DED254B}.ChromeDesktop|x64.Build.0 = Release|Any CPU
		{08098110-095A-4E7C-9871-C59E3DED254B}.ChromeDesktop|x86.ActiveCfg = Release|Any CPU
		{08098110-095A-4E7C-9871-C59E3DED254B}.ChromeDesktop|x86.Build.0 = Release|Any CPU
		{08098110-095A-4E7C-9871-C59E3DED254B}.Debug|Any CPU.ActiveCfg = Release|Any CPU
		{08098110-095A-4E7C-9871-C59E3DED254B}.Debug|Any CPU.Build.0 = Release|Any CPU
		{08098110-095A-4E7C-9871-C59E3DED254B}.Debug|x64.ActiveCfg = Debug|Any CPU
		{08098110-095A-4E7C-9871-C59E3DED254B}.Debug|x64.Build.0 = Debug|Any CPU
		{08098110-095A-4E7C-9871-C59E3DED254B}.Debug|x86.ActiveCfg = Debug|Any CPU
		{08098110-095A-4E7C-9871-C59E3DED254B}.Debug|x86.Build.0 = Debug|Any CPU
		{08098110-095A-4E7C-9871-C59E3DED254B}.Firefox|Any CPU.ActiveCfg = Release|Any CPU
		{08098110-095A-4E7C-9871-C59E3DED254B}.Firefox|Any CPU.Build.0 = Release|Any CPU
		{08098110-095A-4E7C-9871-C59E3DED254B}.Firefox|x64.ActiveCfg = Debug|Any CPU
		{08098110-095A-4E7C-9871-C59E3DED254B}.Firefox|x64.Build.0 = Debug|Any CPU
		{08098110-095A-4E7C-9871-C59E3DED254B}.Firefox|x86.ActiveCfg = Debug|Any CPU
		{08098110-095A-4E7C-9871-C59E3DED254B}.Firefox|x86.Build.0 = Debug|Any CPU
		{08098110-095A-4E7C-9871-C59E3DED254B}.IE11|Any CPU.ActiveCfg = Release|Any CPU
		{08098110-095A-4E7C-9871-C59E3DED254B}.IE11|Any CPU.Build.0 = Release|Any CPU
		{08098110-095A-4E7C-9871-C59E3DED254B}.IE11|x64.ActiveCfg = Release|Any CPU
		{08098110-095A-4E7C-9871-C59E3DED254B}.IE11|x64.Build.0 = Release|Any CPU
		{08098110-095A-4E7C-9871-C59E3DED254B}.IE11|x86.ActiveCfg = Release|Any CPU
		{08098110-095A-4E7C-9871-C59E3DED254B}.IE11|x86.Build.0 = Release|Any CPU
		{08098110-095A-4E7C-9871-C59E3DED254B}.Release|Any CPU.ActiveCfg = Release|Any CPU
		{08098110-095A-4E7C-9871-C59E3DED254B}.Release|Any CPU.Build.0 = Release|Any CPU
		{08098110-095A-4E7C-9871-C59E3DED254B}.Release|x64.ActiveCfg = Release|Any CPU
		{08098110-095A-4E7C-9871-C59E3DED254B}.Release|x64.Build.0 = Release|Any CPU
		{08098110-095A-4E7C-9871-C59E3DED254B}.Release|x86.ActiveCfg = Release|Any CPU
		{08098110-095A-4E7C-9871-C59E3DED254B}.Release|x86.Build.0 = Release|Any CPU
	EndGlobalSection
	GlobalSection(SolutionProperties) = preSolution
		HideSolutionNode = FALSE
	EndGlobalSection
	GlobalSection(ExtensibilityGlobals) = postSolution
		SolutionGuid = {AE1A5F94-9A55-4D07-B0D7-35272E97EC87}
	EndGlobalSection
EndGlobal
